
Microsoft Visual Studio Solution File, Format Version 12.00
# Visual Studio Version 16
VisualStudioVersion = 25.0.1706.0
MinimumVisualStudioVersion = 10.0.40219.1
Project("{FAE04EC0-301F-11D3-BF4B-00C04F79EFBC}") = "Shopping List", "Shopping List\Shopping List.csproj", "{6DBA8291-A1DF-4690-A073-683C8B79B7A0}"
EndProject
Global
	GlobalSection(SolutionConfigurationPlatforms) = preSolution
		Debug|Any CPU = Debug|Any CPU
		Release|Any CPU = Release|Any CPU
	EndGlobalSection
	GlobalSection(ProjectConfigurationPlatforms) = postSolution
		{6DBA8291-A1DF-4690-A073-683C8B79B7A0}.Debug|Any CPU.ActiveCfg = Debug|Any CPU
		{6DBA8291-A1DF-4690-A073-683C8B79B7A0}.Debug|Any CPU.Build.0 = Debug|Any CPU
		{6DBA8291-A1DF-4690-A073-683C8B79B7A0}.Release|Any CPU.ActiveCfg = Release|Any CPU
		{6DBA8291-A1DF-4690-A073-683C8B79B7A0}.Release|Any CPU.Build.0 = Release|Any CPU
	EndGlobalSection
	GlobalSection(SolutionProperties) = preSolution
		HideSolutionNode = FALSE
	EndGlobalSection
	GlobalSection(ExtensibilityGlobals) = postSolution
		SolutionGuid = {A8E03C3C-4952-4269-B684-76E99902560C}
	EndGlobalSection
EndGlobal
